// !$*UTF8*$!
{
	archiveVersion = 1;
	classes = {
	};
	objectVersion = 46;
	objects = {

/* Begin PBXBuildFile section */
		5832D5D31C6CC83000FCBFD5 /* AppDelegate.swift in Sources */ = {isa = PBXBuildFile; fileRef = 5832D5D21C6CC83000FCBFD5 /* AppDelegate.swift */; };
		5832D5D51C6CC83000FCBFD5 /* ViewController.swift in Sources */ = {isa = PBXBuildFile; fileRef = 5832D5D41C6CC83000FCBFD5 /* ViewController.swift */; };
		5832D5D81C6CC83000FCBFD5 /* Main.storyboard in Resources */ = {isa = PBXBuildFile; fileRef = 5832D5D61C6CC83000FCBFD5 /* Main.storyboard */; };
		5832D5DA1C6CC83000FCBFD5 /* Assets.xcassets in Resources */ = {isa = PBXBuildFile; fileRef = 5832D5D91C6CC83000FCBFD5 /* Assets.xcassets */; };
		5832D5DD1C6CC83000FCBFD5 /* LaunchScreen.storyboard in Resources */ = {isa = PBXBuildFile; fileRef = 5832D5DB1C6CC83000FCBFD5 /* LaunchScreen.storyboard */; };
		5832D5E81C6CC83000FCBFD5 /* WordlistTests.swift in Sources */ = {isa = PBXBuildFile; fileRef = 5832D5E71C6CC83000FCBFD5 /* WordlistTests.swift */; };
		5832D5F31C6CC83000FCBFD5 /* WordlistUITests.swift in Sources */ = {isa = PBXBuildFile; fileRef = 5832D5F21C6CC83000FCBFD5 /* WordlistUITests.swift */; };
/* End PBXBuildFile section */

/* Begin PBXContainerItemProxy section */
		5832D5E41C6CC83000FCBFD5 /* PBXContainerItemProxy */ = {
			isa = PBXContainerItemProxy;
			containerPortal = 5832D5C71C6CC83000FCBFD5 /* Project object */;
			proxyType = 1;
			remoteGlobalIDString = 5832D5CE1C6CC83000FCBFD5;
			remoteInfo = Wordlist;
		};
		5832D5EF1C6CC83000FCBFD5 /* PBXContainerItemProxy */ = {
			isa = PBXContainerItemProxy;
			containerPortal = 5832D5C71C6CC83000FCBFD5 /* Project object */;
			proxyType = 1;
			remoteGlobalIDString = 5832D5CE1C6CC83000FCBFD5;
			remoteInfo = Wordlist;
		};
/* End PBXContainerItemProxy section */

/* Begin PBXFileReference section */
		5832D5CF1C6CC83000FCBFD5 /* Wordlist.app */ = {isa = PBXFileReference; explicitFileType = wrapper.application; includeInIndex = 0; path = Wordlist.app; sourceTree = BUILT_PRODUCTS_DIR; };
		5832D5D21C6CC83000FCBFD5 /* AppDelegate.swift */ = {isa = PBXFileReference; lastKnownFileType = sourcecode.swift; path = AppDelegate.swift; sourceTree = "<group>"; };
		5832D5D41C6CC83000FCBFD5 /* ViewController.swift */ = {isa = PBXFileReference; lastKnownFileType = sourcecode.swift; path = ViewController.swift; sourceTree = "<group>"; };
		5832D5D71C6CC83000FCBFD5 /* Base */ = {isa = PBXFileReference; lastKnownFileType = file.storyboard; name = Base; path = Base.lproj/Main.storyboard; sourceTree = "<group>"; };
		5832D5D91C6CC83000FCBFD5 /* Assets.xcassets */ = {isa = PBXFileReference; lastKnownFileType = folder.assetcatalog; path = Assets.xcassets; sourceTree = "<group>"; };
		5832D5DC1C6CC83000FCBFD5 /* Base */ = {isa = PBXFileReference; lastKnownFileType = file.storyboard; name = Base; path = Base.lproj/LaunchScreen.storyboard; sourceTree = "<group>"; };
		5832D5DE1C6CC83000FCBFD5 /* Info.plist */ = {isa = PBXFileReference; lastKnownFileType = text.plist.xml; path = Info.plist; sourceTree = "<group>"; };
		5832D5E31C6CC83000FCBFD5 /* WordlistTests.xctest */ = {isa = PBXFileReference; explicitFileType = wrapper.cfbundle; includeInIndex = 0; path = WordlistTests.xctest; sourceTree = BUILT_PRODUCTS_DIR; };
		5832D5E71C6CC83000FCBFD5 /* WordlistTests.swift */ = {isa = PBXFileReference; lastKnownFileType = sourcecode.swift; path = WordlistTests.swift; sourceTree = "<group>"; };
		5832D5E91C6CC83000FCBFD5 /* Info.plist */ = {isa = PBXFileReference; lastKnownFileType = text.plist.xml; path = Info.plist; sourceTree = "<group>"; };
		5832D5EE1C6CC83000FCBFD5 /* WordlistUITests.xctest */ = {isa = PBXFileReference; explicitFileType = wrapper.cfbundle; includeInIndex = 0; path = WordlistUITests.xctest; sourceTree = BUILT_PRODUCTS_DIR; };
		5832D5F21C6CC83000FCBFD5 /* WordlistUITests.swift */ = {isa = PBXFileReference; lastKnownFileType = sourcecode.swift; path = WordlistUITests.swift; sourceTree = "<group>"; };
		5832D5F41C6CC83000FCBFD5 /* Info.plist */ = {isa = PBXFileReference; lastKnownFileType = text.plist.xml; path = Info.plist; sourceTree = "<group>"; };
/* End PBXFileReference section */

/* Begin PBXFrameworksBuildPhase section */
		5832D5CC1C6CC83000FCBFD5 /* Frameworks */ = {
			isa = PBXFrameworksBuildPhase;
			buildActionMask = 2147483647;
			files = (
			);
			runOnlyForDeploymentPostprocessing = 0;
		};
		5832D5E01C6CC83000FCBFD5 /* Frameworks */ = {
			isa = PBXFrameworksBuildPhase;
			buildActionMask = 2147483647;
			files = (
			);
			runOnlyForDeploymentPostprocessing = 0;
		};
		5832D5EB1C6CC83000FCBFD5 /* Frameworks */ = {
			isa = PBXFrameworksBuildPhase;
			buildActionMask = 2147483647;
			files = (
			);
			runOnlyForDeploymentPostprocessing = 0;
		};
/* End PBXFrameworksBuildPhase section */

/* Begin PBXGroup section */
		5832D5C61C6CC83000FCBFD5 = {
			isa = PBXGroup;
			children = (
				5832D5D11C6CC83000FCBFD5 /* Wordlist */,
				5832D5E61C6CC83000FCBFD5 /* WordlistTests */,
				5832D5F11C6CC83000FCBFD5 /* WordlistUITests */,
				5832D5D01C6CC83000FCBFD5 /* Products */,
			);
			sourceTree = "<group>";
		};
		5832D5D01C6CC83000FCBFD5 /* Products */ = {
			isa = PBXGroup;
			children = (
				5832D5CF1C6CC83000FCBFD5 /* Wordlist.app */,
				5832D5E31C6CC83000FCBFD5 /* WordlistTests.xctest */,
				5832D5EE1C6CC83000FCBFD5 /* WordlistUITests.xctest */,
			);
			name = Products;
			sourceTree = "<group>";
		};
		5832D5D11C6CC83000FCBFD5 /* Wordlist */ = {
			isa = PBXGroup;
			children = (
				5832D5D21C6CC83000FCBFD5 /* AppDelegate.swift */,
				5832D5D41C6CC83000FCBFD5 /* ViewController.swift */,
				5832D5D61C6CC83000FCBFD5 /* Main.storyboard */,
				5832D5D91C6CC83000FCBFD5 /* Assets.xcassets */,
				5832D5DB1C6CC83000FCBFD5 /* LaunchScreen.storyboard */,
				5832D5DE1C6CC83000FCBFD5 /* Info.plist */,
			);
			path = Wordlist;
			sourceTree = "<group>";
		};
		5832D5E61C6CC83000FCBFD5 /* WordlistTests */ = {
			isa = PBXGroup;
			children = (
				5832D5E71C6CC83000FCBFD5 /* WordlistTests.swift */,
				5832D5E91C6CC83000FCBFD5 /* Info.plist */,
			);
			path = WordlistTests;
			sourceTree = "<group>";
		};
		5832D5F11C6CC83000FCBFD5 /* WordlistUITests */ = {
			isa = PBXGroup;
			children = (
				5832D5F21C6CC83000FCBFD5 /* WordlistUITests.swift */,
				5832D5F41C6CC83000FCBFD5 /* Info.plist */,
			);
			path = WordlistUITests;
			sourceTree = "<group>";
		};
/* End PBXGroup section */

/* Begin PBXNativeTarget section */
		5832D5CE1C6CC83000FCBFD5 /* Wordlist */ = {
			isa = PBXNativeTarget;
			buildConfigurationList = 5832D5F71C6CC83000FCBFD5 /* Build configuration list for PBXNativeTarget "Wordlist" */;
			buildPhases = (
				5832D5CB1C6CC83000FCBFD5 /* Sources */,
				5832D5CC1C6CC83000FCBFD5 /* Frameworks */,
				5832D5CD1C6CC83000FCBFD5 /* Resources */,
			);
			buildRules = (
			);
			dependencies = (
			);
			name = Wordlist;
			productName = Wordlist;
			productReference = 5832D5CF1C6CC83000FCBFD5 /* Wordlist.app */;
			productType = "com.apple.product-type.application";
		};
		5832D5E21C6CC83000FCBFD5 /* WordlistTests */ = {
			isa = PBXNativeTarget;
			buildConfigurationList = 5832D5FA1C6CC83000FCBFD5 /* Build configuration list for PBXNativeTarget "WordlistTests" */;
			buildPhases = (
				5832D5DF1C6CC83000FCBFD5 /* Sources */,
				5832D5E01C6CC83000FCBFD5 /* Frameworks */,
				5832D5E11C6CC83000FCBFD5 /* Resources */,
			);
			buildRules = (
			);
			dependencies = (
				5832D5E51C6CC83000FCBFD5 /* PBXTargetDependency */,
			);
			name = WordlistTests;
			productName = WordlistTests;
			productReference = 5832D5E31C6CC83000FCBFD5 /* WordlistTests.xctest */;
			productType = "com.apple.product-type.bundle.unit-test";
		};
		5832D5ED1C6CC83000FCBFD5 /* WordlistUITests */ = {
			isa = PBXNativeTarget;
			buildConfigurationList = 5832D5FD1C6CC83000FCBFD5 /* Build configuration list for PBXNativeTarget "WordlistUITests" */;
			buildPhases = (
				5832D5EA1C6CC83000FCBFD5 /* Sources */,
				5832D5EB1C6CC83000FCBFD5 /* Frameworks */,
				5832D5EC1C6CC83000FCBFD5 /* Resources */,
			);
			buildRules = (
			);
			dependencies = (
				5832D5F01C6CC83000FCBFD5 /* PBXTargetDependency */,
			);
			name = WordlistUITests;
			productName = WordlistUITests;
			productReference = 5832D5EE1C6CC83000FCBFD5 /* WordlistUITests.xctest */;
			productType = "com.apple.product-type.bundle.ui-testing";
		};
/* End PBXNativeTarget section */

/* Begin PBXProject section */
		5832D5C71C6CC83000FCBFD5 /* Project object */ = {
			isa = PBXProject;
			attributes = {
				LastSwiftUpdateCheck = 0720;
				LastUpgradeCheck = 0720;
				ORGANIZATIONNAME = "Aoi Sakaue";
				TargetAttributes = {
					5832D5CE1C6CC83000FCBFD5 = {
						CreatedOnToolsVersion = 7.2.1;
						DevelopmentTeam = UZZ5WC8E2Y;
					};
					5832D5E21C6CC83000FCBFD5 = {
						CreatedOnToolsVersion = 7.2.1;
						DevelopmentTeam = UZZ5WC8E2Y;
						TestTargetID = 5832D5CE1C6CC83000FCBFD5;
					};
					5832D5ED1C6CC83000FCBFD5 = {
						CreatedOnToolsVersion = 7.2.1;
						DevelopmentTeam = UZZ5WC8E2Y;
						TestTargetID = 5832D5CE1C6CC83000FCBFD5;
					};
				};
			};
			buildConfigurationList = 5832D5CA1C6CC83000FCBFD5 /* Build configuration list for PBXProject "Wordlist" */;
			compatibilityVersion = "Xcode 3.2";
			developmentRegion = English;
			hasScannedForEncodings = 0;
			knownRegions = (
				en,
				Base,
			);
			mainGroup = 5832D5C61C6CC83000FCBFD5;
			productRefGroup = 5832D5D01C6CC83000FCBFD5 /* Products */;
			projectDirPath = "";
			projectRoot = "";
			targets = (
				5832D5CE1C6CC83000FCBFD5 /* Wordlist */,
				5832D5E21C6CC83000FCBFD5 /* WordlistTests */,
				5832D5ED1C6CC83000FCBFD5 /* WordlistUITests */,
			);
		};
/* End PBXProject section */

/* Begin PBXResourcesBuildPhase section */
		5832D5CD1C6CC83000FCBFD5 /* Resources */ = {
			isa = PBXResourcesBuildPhase;
			buildActionMask = 2147483647;
			files = (
				5832D5DD1C6CC83000FCBFD5 /* LaunchScreen.storyboard in Resources */,
				5832D5DA1C6CC83000FCBFD5 /* Assets.xcassets in Resources */,
				5832D5D81C6CC83000FCBFD5 /* Main.storyboard in Resources */,
			);
			runOnlyForDeploymentPostprocessing = 0;
		};
		5832D5E11C6CC83000FCBFD5 /* Resources */ = {
			isa = PBXResourcesBuildPhase;
			buildActionMask = 2147483647;
			files = (
			);
			runOnlyForDeploymentPostprocessing = 0;
		};
		5832D5EC1C6CC83000FCBFD5 /* Resources */ = {
			isa = PBXResourcesBuildPhase;
			buildActionMask = 2147483647;
			files = (
			);
			runOnlyForDeploymentPostprocessing = 0;
		};
/* End PBXResourcesBuildPhase section */

/* Begin PBXSourcesBuildPhase section */
		5832D5CB1C6CC83000FCBFD5 /* Sources */ = {
			isa = PBXSourcesBuildPhase;
			buildActionMask = 2147483647;
			files = (
				5832D5D51C6CC83000FCBFD5 /* ViewController.swift in Sources */,
				5832D5D31C6CC83000FCBFD5 /* AppDelegate.swift in Sources */,
			);
			runOnlyForDeploymentPostprocessing = 0;
		};
		5832D5DF1C6CC83000FCBFD5 /* Sources */ = {
			isa = PBXSourcesBuildPhase;
			buildActionMask = 2147483647;
			files = (
				5832D5E81C6CC83000FCBFD5 /* WordlistTests.swift in Sources */,
			);
			runOnlyForDeploymentPostprocessing = 0;
		};
		5832D5EA1C6CC83000FCBFD5 /* Sources */ = {
			isa = PBXSourcesBuildPhase;
			buildActionMask = 2147483647;
			files = (
				5832D5F31C6CC83000FCBFD5 /* WordlistUITests.swift in Sources */,
			);
			runOnlyForDeploymentPostprocessing = 0;
		};
/* End PBXSourcesBuildPhase section */

/* Begin PBXTargetDependency section */
		5832D5E51C6CC83000FCBFD5 /* PBXTargetDependency */ = {
			isa = PBXTargetDependency;
			target = 5832D5CE1C6CC83000FCBFD5 /* Wordlist */;
			targetProxy = 5832D5E41C6CC83000FCBFD5 /* PBXContainerItemProxy */;
		};
		5832D5F01C6CC83000FCBFD5 /* PBXTargetDependency */ = {
			isa = PBXTargetDependency;
			target = 5832D5CE1C6CC83000FCBFD5 /* Wordlist */;
			targetProxy = 5832D5EF1C6CC83000FCBFD5 /* PBXContainerItemProxy */;
		};
/* End PBXTargetDependency section */

/* Begin PBXVariantGroup section */
		5832D5D61C6CC83000FCBFD5 /* Main.storyboard */ = {
			isa = PBXVariantGroup;
			children = (
				5832D5D71C6CC83000FCBFD5 /* Base */,
			);
			name = Main.storyboard;
			sourceTree = "<group>";
		};
		5832D5DB1C6CC83000FCBFD5 /* LaunchScreen.storyboard */ = {
			isa = PBXVariantGroup;
			children = (
				5832D5DC1C6CC83000FCBFD5 /* Base */,
			);
			name = LaunchScreen.storyboard;
			sourceTree = "<group>";
		};
/* End PBXVariantGroup section */

/* Begin XCBuildConfiguration section */
		5832D5F51C6CC83000FCBFD5 /* Debug */ = {
			isa = XCBuildConfiguration;
			buildSettings = {
				ALWAYS_SEARCH_USER_PATHS = NO;
				CLANG_CXX_LANGUAGE_STANDARD = "gnu++0x";
				CLANG_CXX_LIBRARY = "libc++";
				CLANG_ENABLE_MODULES = YES;
				CLANG_ENABLE_OBJC_ARC = YES;
				CLANG_WARN_BOOL_CONVERSION = YES;
				CLANG_WARN_CONSTANT_CONVERSION = YES;
				CLANG_WARN_DIRECT_OBJC_ISA_USAGE = YES_ERROR;
				CLANG_WARN_EMPTY_BODY = YES;
				CLANG_WARN_ENUM_CONVERSION = YES;
				CLANG_WARN_INT_CONVERSION = YES;
				CLANG_WARN_OBJC_ROOT_CLASS = YES_ERROR;
				CLANG_WARN_UNREACHABLE_CODE = YES;
				CLANG_WARN__DUPLICATE_METHOD_MATCH = YES;
				"CODE_SIGN_IDENTITY[sdk=iphoneos*]" = "iPhone Developer";
				COPY_PHASE_STRIP = NO;
				DEBUG_INFORMATION_FORMAT = dwarf;
				ENABLE_STRICT_OBJC_MSGSEND = YES;
				ENABLE_TESTABILITY = YES;
				GCC_C_LANGUAGE_STANDARD = gnu99;
				GCC_DYNAMIC_NO_PIC = NO;
				GCC_NO_COMMON_BLOCKS = YES;
				GCC_OPTIMIZATION_LEVEL = 0;
				GCC_PREPROCESSOR_DEFINITIONS = (
					"DEBUG=1",
					"$(inherited)",
				);
				GCC_WARN_64_TO_32_BIT_CONVERSION = YES;
				GCC_WARN_ABOUT_RETURN_TYPE = YES_ERROR;
				GCC_WARN_UNDECLARED_SELECTOR = YES;
				GCC_WARN_UNINITIALIZED_AUTOS = YES_AGGRESSIVE;
				GCC_WARN_UNUSED_FUNCTION = YES;
				GCC_WARN_UNUSED_VARIABLE = YES;
				IPHONEOS_DEPLOYMENT_TARGET = 9.2;
				MTL_ENABLE_DEBUG_INFO = YES;
				ONLY_ACTIVE_ARCH = YES;
				SDKROOT = iphoneos;
				SWIFT_OPTIMIZATION_LEVEL = "-Onone";
			};
			name = Debug;
		};
		5832D5F61C6CC83000FCBFD5 /* Release */ = {
			isa = XCBuildConfiguration;
			buildSettings = {
				ALWAYS_SEARCH_USER_PATHS = NO;
				CLANG_CXX_LANGUAGE_STANDARD = "gnu++0x";
				CLANG_CXX_LIBRARY = "libc++";
				CLANG_ENABLE_MODULES = YES;
				CLANG_ENABLE_OBJC_ARC = YES;
				CLANG_WARN_BOOL_CONVERSION = YES;
				CLANG_WARN_CONSTANT_CONVERSION = YES;
				CLANG_WARN_DIRECT_OBJC_ISA_USAGE = YES_ERROR;
				CLANG_WARN_EMPTY_BODY = YES;
				CLANG_WARN_ENUM_CONVERSION = YES;
				CLANG_WARN_INT_CONVERSION = YES;
				CLANG_WARN_OBJC_ROOT_CLASS = YES_ERROR;
				CLANG_WARN_UNREACHABLE_CODE = YES;
				CLANG_WARN__DUPLICATE_METHOD_MATCH = YES;
				"CODE_SIGN_IDENTITY[sdk=iphoneos*]" = "iPhone Developer";
				COPY_PHASE_STRIP = NO;
				DEBUG_INFORMATION_FORMAT = "dwarf-with-dsym";
				ENABLE_NS_ASSERTIONS = NO;
				ENABLE_STRICT_OBJC_MSGSEND = YES;
				GCC_C_LANGUAGE_STANDARD = gnu99;
				GCC_NO_COMMON_BLOCKS = YES;
				GCC_WARN_64_TO_32_BIT_CONVERSION = YES;
				GCC_WARN_ABOUT_RETURN_TYPE = YES_ERROR;
				GCC_WARN_UNDECLARED_SELECTOR = YES;
				GCC_WARN_UNINITIALIZED_AUTOS = YES_AGGRESSIVE;
				GCC_WARN_UNUSED_FUNCTION = YES;
				GCC_WARN_UNUSED_VARIABLE = YES;
				IPHONEOS_DEPLOYMENT_TARGET = 9.2;
				MTL_ENABLE_DEBUG_INFO = NO;
				SDKROOT = iphoneos;
				VALIDATE_PRODUCT = YES;
			};
			name = Release;
		};
		5832D5F81C6CC83000FCBFD5 /* Debug */ = {
			isa = XCBuildConfiguration;
			buildSettings = {
				ASSETCATALOG_COMPILER_APPICON_NAME = AppIcon;
				INFOPLIST_FILE = Wordlist/Info.plist;
				LD_RUNPATH_SEARCH_PATHS = "$(inherited) @executable_path/Frameworks";
				PRODUCT_BUNDLE_IDENTIFIER = "Aoi-Sakaue.Wordlist";
				PRODUCT_NAME = "$(TARGET_NAME)";
			};
			name = Debug;
		};
		5832D5F91C6CC83000FCBFD5 /* Release */ = {
			isa = XCBuildConfiguration;
			buildSettings = {
				ASSETCATALOG_COMPILER_APPICON_NAME = AppIcon;
				INFOPLIST_FILE = Wordlist/Info.plist;
				LD_RUNPATH_SEARCH_PATHS = "$(inherited) @executable_path/Frameworks";
				PRODUCT_BUNDLE_IDENTIFIER = "Aoi-Sakaue.Wordlist";
				PRODUCT_NAME = "$(TARGET_NAME)";
			};
			name = Release;
		};
		5832D5FB1C6CC83000FCBFD5 /* Debug */ = {
			isa = XCBuildConfiguration;
			buildSettings = {
				BUNDLE_LOADER = "$(TEST_HOST)";
				INFOPLIST_FILE = WordlistTests/Info.plist;
				LD_RUNPATH_SEARCH_PATHS = "$(inherited) @executable_path/Frameworks @loader_path/Frameworks";
				PRODUCT_BUNDLE_IDENTIFIER = "Aoi-Sakaue.WordlistTests";
				PRODUCT_NAME = "$(TARGET_NAME)";
				TEST_HOST = "$(BUILT_PRODUCTS_DIR)/Wordlist.app/Wordlist";
			};
			name = Debug;
		};
		5832D5FC1C6CC83000FCBFD5 /* Release */ = {
			isa = XCBuildConfiguration;
			buildSettings = {
				BUNDLE_LOADER = "$(TEST_HOST)";
				INFOPLIST_FILE = WordlistTests/Info.plist;
				LD_RUNPATH_SEARCH_PATHS = "$(inherited) @executable_path/Frameworks @loader_path/Frameworks";
				PRODUCT_BUNDLE_IDENTIFIER = "Aoi-Sakaue.WordlistTests";
				PRODUCT_NAME = "$(TARGET_NAME)";
				TEST_HOST = "$(BUILT_PRODUCTS_DIR)/Wordlist.app/Wordlist";
			};
			name = Release;
		};
		5832D5FE1C6CC83000FCBFD5 /* Debug */ = {
			isa = XCBuildConfiguration;
			buildSettings = {
				INFOPLIST_FILE = WordlistUITests/Info.plist;
				LD_RUNPATH_SEARCH_PATHS = "$(inherited) @executable_path/Frameworks @loader_path/Frameworks";
				PRODUCT_BUNDLE_IDENTIFIER = "Aoi-Sakaue.WordlistUITests";
				PRODUCT_NAME = "$(TARGET_NAME)";
				TEST_TARGET_NAME = Wordlist;
				USES_XCTRUNNER = YES;
			};
			name = Debug;
		};
		5832D5FF1C6CC83000FCBFD5 /* Release */ = {
			isa = XCBuildConfiguration;
			buildSettings = {
				INFOPLIST_FILE = WordlistUITests/Info.plist;
				LD_RUNPATH_SEARCH_PATHS = "$(inherited) @executable_path/Frameworks @loader_path/Frameworks";
				PRODUCT_BUNDLE_IDENTIFIER = "Aoi-Sakaue.WordlistUITests";
				PRODUCT_NAME = "$(TARGET_NAME)";
				TEST_TARGET_NAME = Wordlist;
				USES_XCTRUNNER = YES;
			};
			name = Release;
		};
/* End XCBuildConfiguration section */

/* Begin XCConfigurationList section */
		5832D5CA1C6CC83000FCBFD5 /* Build configuration list for PBXProject "Wordlist" */ = {
			isa = XCConfigurationList;
			buildConfigurations = (
				5832D5F51C6CC83000FCBFD5 /* Debug */,
				5832D5F61C6CC83000FCBFD5 /* Release */,
			);
			defaultConfigurationIsVisible = 0;
			defaultConfigurationName = Release;
		};
		5832D5F71C6CC83000FCBFD5 /* Build configuration list for PBXNativeTarget "Wordlist" */ = {
			isa = XCConfigurationList;
			buildConfigurations = (
				5832D5F81C6CC83000FCBFD5 /* Debug */,
				5832D5F91C6CC83000FCBFD5 /* Release */,
			);
			defaultConfigurationIsVisible = 0;
		};
		5832D5FA1C6CC83000FCBFD5 /* Build configuration list for PBXNativeTarget "WordlistTests" */ = {
			isa = XCConfigurationList;
			buildConfigurations = (
				5832D5FB1C6CC83000FCBFD5 /* Debug */,
				5832D5FC1C6CC83000FCBFD5 /* Release */,
			);
			defaultConfigurationIsVisible = 0;
		};
		5832D5FD1C6CC83000FCBFD5 /* Build configuration list for PBXNativeTarget "WordlistUITests" */ = {
			isa = XCConfigurationList;
			buildConfigurations = (
				5832D5FE1C6CC83000FCBFD5 /* Debug */,
				5832D5FF1C6CC83000FCBFD5 /* Release */,
			);
			defaultConfigurationIsVisible = 0;
		};
/* End XCConfigurationList section */
	};
	rootObject = 5832D5C71C6CC83000FCBFD5 /* Project object */;
}
